// !$*UTF8*$!
{
	archiveVersion = 1;
	classes = {
	};
	objectVersion = 52;
	objects = {

/* Begin PBXBuildFile section */
		2984473227B3609E008C5EA6 /* AppDelegate.swift in Sources */ = {isa = PBXBuildFile; fileRef = 2984473127B3609E008C5EA6 /* AppDelegate.swift */; };
		2984473427B3609E008C5EA6 /* SceneDelegate.swift in Sources */ = {isa = PBXBuildFile; fileRef = 2984473327B3609E008C5EA6 /* SceneDelegate.swift */; };
		2984473627B3609E008C5EA6 /* ViewController.swift in Sources */ = {isa = PBXBuildFile; fileRef = 2984473527B3609E008C5EA6 /* ViewController.swift */; };
		2984473927B3609E008C5EA6 /* Main.storyboard in Resources */ = {isa = PBXBuildFile; fileRef = 2984473727B3609E008C5EA6 /* Main.storyboard */; };
		2984473B27B3609F008C5EA6 /* Assets.xcassets in Resources */ = {isa = PBXBuildFile; fileRef = 2984473A27B3609F008C5EA6 /* Assets.xcassets */; };
		2984473E27B3609F008C5EA6 /* LaunchScreen.storyboard in Resources */ = {isa = PBXBuildFile; fileRef = 2984473C27B3609F008C5EA6 /* LaunchScreen.storyboard */; };
		2984474927B3609F008C5EA6 /* flix_unit1Tests.swift in Sources */ = {isa = PBXBuildFile; fileRef = 2984474827B3609F008C5EA6 /* flix_unit1Tests.swift */; };
		2984475427B3609F008C5EA6 /* flix_unit1UITests.swift in Sources */ = {isa = PBXBuildFile; fileRef = 2984475327B3609F008C5EA6 /* flix_unit1UITests.swift */; };
		2984476527B36585008C5EA6 /* MoviesViewController.swift in Sources */ = {isa = PBXBuildFile; fileRef = 2984476427B36585008C5EA6 /* MoviesViewController.swift */; };
		2984476A27B377E9008C5EA6 /* MovieCell.swift in Sources */ = {isa = PBXBuildFile; fileRef = 2984476927B377E9008C5EA6 /* MovieCell.swift */; };
		2984477027B37F24008C5EA6 /* AlamofireImage in Frameworks */ = {isa = PBXBuildFile; productRef = 2984476F27B37F24008C5EA6 /* AlamofireImage */; };
/* End PBXBuildFile section */

/* Begin PBXContainerItemProxy section */
		2984474527B3609F008C5EA6 /* PBXContainerItemProxy */ = {
			isa = PBXContainerItemProxy;
			containerPortal = 2984472627B3609E008C5EA6 /* Project object */;
			proxyType = 1;
			remoteGlobalIDString = 2984472D27B3609E008C5EA6;
			remoteInfo = flix_unit1;
		};
		2984475027B3609F008C5EA6 /* PBXContainerItemProxy */ = {
			isa = PBXContainerItemProxy;
			containerPortal = 2984472627B3609E008C5EA6 /* Project object */;
			proxyType = 1;
			remoteGlobalIDString = 2984472D27B3609E008C5EA6;
			remoteInfo = flix_unit1;
		};
/* End PBXContainerItemProxy section */

/* Begin PBXFileReference section */
		2984472E27B3609E008C5EA6 /* flix_unit1.app */ = {isa = PBXFileReference; explicitFileType = wrapper.application; includeInIndex = 0; path = flix_unit1.app; sourceTree = BUILT_PRODUCTS_DIR; };
		2984473127B3609E008C5EA6 /* AppDelegate.swift */ = {isa = PBXFileReference; lastKnownFileType = sourcecode.swift; path = AppDelegate.swift; sourceTree = "<group>"; };
		2984473327B3609E008C5EA6 /* SceneDelegate.swift */ = {isa = PBXFileReference; lastKnownFileType = sourcecode.swift; path = SceneDelegate.swift; sourceTree = "<group>"; };
		2984473527B3609E008C5EA6 /* ViewController.swift */ = {isa = PBXFileReference; lastKnownFileType = sourcecode.swift; path = ViewController.swift; sourceTree = "<group>"; };
		2984473827B3609E008C5EA6 /* Base */ = {isa = PBXFileReference; lastKnownFileType = file.storyboard; name = Base; path = Base.lproj/Main.storyboard; sourceTree = "<group>"; };
		2984473A27B3609F008C5EA6 /* Assets.xcassets */ = {isa = PBXFileReference; lastKnownFileType = folder.assetcatalog; path = Assets.xcassets; sourceTree = "<group>"; };
		2984473D27B3609F008C5EA6 /* Base */ = {isa = PBXFileReference; lastKnownFileType = file.storyboard; name = Base; path = Base.lproj/LaunchScreen.storyboard; sourceTree = "<group>"; };
		2984473F27B3609F008C5EA6 /* Info.plist */ = {isa = PBXFileReference; lastKnownFileType = text.plist.xml; path = Info.plist; sourceTree = "<group>"; };
		2984474427B3609F008C5EA6 /* flix_unit1Tests.xctest */ = {isa = PBXFileReference; explicitFileType = wrapper.cfbundle; includeInIndex = 0; path = flix_unit1Tests.xctest; sourceTree = BUILT_PRODUCTS_DIR; };
		2984474827B3609F008C5EA6 /* flix_unit1Tests.swift */ = {isa = PBXFileReference; lastKnownFileType = sourcecode.swift; path = flix_unit1Tests.swift; sourceTree = "<group>"; };
		2984474A27B3609F008C5EA6 /* Info.plist */ = {isa = PBXFileReference; lastKnownFileType = text.plist.xml; path = Info.plist; sourceTree = "<group>"; };
		2984474F27B3609F008C5EA6 /* flix_unit1UITests.xctest */ = {isa = PBXFileReference; explicitFileType = wrapper.cfbundle; includeInIndex = 0; path = flix_unit1UITests.xctest; sourceTree = BUILT_PRODUCTS_DIR; };
		2984475327B3609F008C5EA6 /* flix_unit1UITests.swift */ = {isa = PBXFileReference; lastKnownFileType = sourcecode.swift; path = flix_unit1UITests.swift; sourceTree = "<group>"; };
		2984475527B3609F008C5EA6 /* Info.plist */ = {isa = PBXFileReference; lastKnownFileType = text.plist.xml; path = Info.plist; sourceTree = "<group>"; };
		2984476427B36585008C5EA6 /* MoviesViewController.swift */ = {isa = PBXFileReference; lastKnownFileType = sourcecode.swift; path = MoviesViewController.swift; sourceTree = "<group>"; };
		2984476927B377E9008C5EA6 /* MovieCell.swift */ = {isa = PBXFileReference; lastKnownFileType = sourcecode.swift; path = MovieCell.swift; sourceTree = "<group>"; };
/* End PBXFileReference section */

/* Begin PBXFrameworksBuildPhase section */
		2984472B27B3609E008C5EA6 /* Frameworks */ = {
			isa = PBXFrameworksBuildPhase;
			buildActionMask = 2147483647;
			files = (
				2984477027B37F24008C5EA6 /* AlamofireImage in Frameworks */,
			);
			runOnlyForDeploymentPostprocessing = 0;
		};
		2984474127B3609F008C5EA6 /* Frameworks */ = {
			isa = PBXFrameworksBuildPhase;
			buildActionMask = 2147483647;
			files = (
			);
			runOnlyForDeploymentPostprocessing = 0;
		};
		2984474C27B3609F008C5EA6 /* Frameworks */ = {
			isa = PBXFrameworksBuildPhase;
			buildActionMask = 2147483647;
			files = (
			);
			runOnlyForDeploymentPostprocessing = 0;
		};
/* End PBXFrameworksBuildPhase section */

/* Begin PBXGroup section */
		2984472527B3609E008C5EA6 = {
			isa = PBXGroup;
			children = (
				2984473027B3609E008C5EA6 /* flix_unit1 */,
				2984474727B3609F008C5EA6 /* flix_unit1Tests */,
				2984475227B3609F008C5EA6 /* flix_unit1UITests */,
				2984472F27B3609E008C5EA6 /* Products */,
			);
			sourceTree = "<group>";
		};
		2984472F27B3609E008C5EA6 /* Products */ = {
			isa = PBXGroup;
			children = (
				2984472E27B3609E008C5EA6 /* flix_unit1.app */,
				2984474427B3609F008C5EA6 /* flix_unit1Tests.xctest */,
				2984474F27B3609F008C5EA6 /* flix_unit1UITests.xctest */,
			);
			name = Products;
			sourceTree = "<group>";
		};
		2984473027B3609E008C5EA6 /* flix_unit1 */ = {
			isa = PBXGroup;
			children = (
				2984473127B3609E008C5EA6 /* AppDelegate.swift */,
				2984473327B3609E008C5EA6 /* SceneDelegate.swift */,
				2984473527B3609E008C5EA6 /* ViewController.swift */,
				2984473727B3609E008C5EA6 /* Main.storyboard */,
				2984473A27B3609F008C5EA6 /* Assets.xcassets */,
				2984473C27B3609F008C5EA6 /* LaunchScreen.storyboard */,
				2984473F27B3609F008C5EA6 /* Info.plist */,
				2984476427B36585008C5EA6 /* MoviesViewController.swift */,
				2984476927B377E9008C5EA6 /* MovieCell.swift */,
			);
			path = flix_unit1;
			sourceTree = "<group>";
		};
		2984474727B3609F008C5EA6 /* flix_unit1Tests */ = {
			isa = PBXGroup;
			children = (
				2984474827B3609F008C5EA6 /* flix_unit1Tests.swift */,
				2984474A27B3609F008C5EA6 /* Info.plist */,
			);
			path = flix_unit1Tests;
			sourceTree = "<group>";
		};
		2984475227B3609F008C5EA6 /* flix_unit1UITests */ = {
			isa = PBXGroup;
			children = (
				2984475327B3609F008C5EA6 /* flix_unit1UITests.swift */,
				2984475527B3609F008C5EA6 /* Info.plist */,
			);
			path = flix_unit1UITests;
			sourceTree = "<group>";
		};
/* End PBXGroup section */

/* Begin PBXNativeTarget section */
		2984472D27B3609E008C5EA6 /* flix_unit1 */ = {
			isa = PBXNativeTarget;
			buildConfigurationList = 2984475827B3609F008C5EA6 /* Build configuration list for PBXNativeTarget "flix_unit1" */;
			buildPhases = (
				2984472A27B3609E008C5EA6 /* Sources */,
				2984472B27B3609E008C5EA6 /* Frameworks */,
				2984472C27B3609E008C5EA6 /* Resources */,
			);
			buildRules = (
			);
			dependencies = (
			);
			name = flix_unit1;
			packageProductDependencies = (
				2984476F27B37F24008C5EA6 /* AlamofireImage */,
			);
			productName = flix_unit1;
			productReference = 2984472E27B3609E008C5EA6 /* flix_unit1.app */;
			productType = "com.apple.product-type.application";
		};
		2984474327B3609F008C5EA6 /* flix_unit1Tests */ = {
			isa = PBXNativeTarget;
			buildConfigurationList = 2984475B27B3609F008C5EA6 /* Build configuration list for PBXNativeTarget "flix_unit1Tests" */;
			buildPhases = (
				2984474027B3609F008C5EA6 /* Sources */,
				2984474127B3609F008C5EA6 /* Frameworks */,
				2984474227B3609F008C5EA6 /* Resources */,
			);
			buildRules = (
			);
			dependencies = (
				2984474627B3609F008C5EA6 /* PBXTargetDependency */,
			);
			name = flix_unit1Tests;
			productName = flix_unit1Tests;
			productReference = 2984474427B3609F008C5EA6 /* flix_unit1Tests.xctest */;
			productType = "com.apple.product-type.bundle.unit-test";
		};
		2984474E27B3609F008C5EA6 /* flix_unit1UITests */ = {
			isa = PBXNativeTarget;
			buildConfigurationList = 2984475E27B3609F008C5EA6 /* Build configuration list for PBXNativeTarget "flix_unit1UITests" */;
			buildPhases = (
				2984474B27B3609F008C5EA6 /* Sources */,
				2984474C27B3609F008C5EA6 /* Frameworks */,
				2984474D27B3609F008C5EA6 /* Resources */,
			);
			buildRules = (
			);
			dependencies = (
				2984475127B3609F008C5EA6 /* PBXTargetDependency */,
			);
			name = flix_unit1UITests;
			productName = flix_unit1UITests;
			productReference = 2984474F27B3609F008C5EA6 /* flix_unit1UITests.xctest */;
			productType = "com.apple.product-type.bundle.ui-testing";
		};
/* End PBXNativeTarget section */

/* Begin PBXProject section */
		2984472627B3609E008C5EA6 /* Project object */ = {
			isa = PBXProject;
			attributes = {
				LastSwiftUpdateCheck = 1240;
				LastUpgradeCheck = 1240;
				TargetAttributes = {
					2984472D27B3609E008C5EA6 = {
						CreatedOnToolsVersion = 12.4;
					};
					2984474327B3609F008C5EA6 = {
						CreatedOnToolsVersion = 12.4;
						TestTargetID = 2984472D27B3609E008C5EA6;
					};
					2984474E27B3609F008C5EA6 = {
						CreatedOnToolsVersion = 12.4;
						TestTargetID = 2984472D27B3609E008C5EA6;
					};
				};
			};
			buildConfigurationList = 2984472927B3609E008C5EA6 /* Build configuration list for PBXProject "flix_unit1" */;
			compatibilityVersion = "Xcode 9.3";
			developmentRegion = en;
			hasScannedForEncodings = 0;
			knownRegions = (
				en,
				Base,
			);
			mainGroup = 2984472527B3609E008C5EA6;
			packageReferences = (
				2984476E27B37F24008C5EA6 /* XCRemoteSwiftPackageReference "AlamofireImage" */,
			);
			productRefGroup = 2984472F27B3609E008C5EA6 /* Products */;
			projectDirPath = "";
			projectRoot = "";
			targets = (
				2984472D27B3609E008C5EA6 /* flix_unit1 */,
				2984474327B3609F008C5EA6 /* flix_unit1Tests */,
				2984474E27B3609F008C5EA6 /* flix_unit1UITests */,
			);
		};
/* End PBXProject section */

/* Begin PBXResourcesBuildPhase section */
		2984472C27B3609E008C5EA6 /* Resources */ = {
			isa = PBXResourcesBuildPhase;
			buildActionMask = 2147483647;
			files = (
				2984473E27B3609F008C5EA6 /* LaunchScreen.storyboard in Resources */,
				2984473B27B3609F008C5EA6 /* Assets.xcassets in Resources */,
				2984473927B3609E008C5EA6 /* Main.storyboard in Resources */,
			);
			runOnlyForDeploymentPostprocessing = 0;
		};
		2984474227B3609F008C5EA6 /* Resources */ = {
			isa = PBXResourcesBuildPhase;
			buildActionMask = 2147483647;
			files = (
			);
			runOnlyForDeploymentPostprocessing = 0;
		};
		2984474D27B3609F008C5EA6 /* Resources */ = {
			isa = PBXResourcesBuildPhase;
			buildActionMask = 2147483647;
			files = (
			);
			runOnlyForDeploymentPostprocessing = 0;
		};
/* End PBXResourcesBuildPhase section */

/* Begin PBXSourcesBuildPhase section */
		2984472A27B3609E008C5EA6 /* Sources */ = {
			isa = PBXSourcesBuildPhase;
			buildActionMask = 2147483647;
			files = (
				2984473627B3609E008C5EA6 /* ViewController.swift in Sources */,
				2984473227B3609E008C5EA6 /* AppDelegate.swift in Sources */,
				2984473427B3609E008C5EA6 /* SceneDelegate.swift in Sources */,
				2984476A27B377E9008C5EA6 /* MovieCell.swift in Sources */,
				2984476527B36585008C5EA6 /* MoviesViewController.swift in Sources */,
			);
			runOnlyForDeploymentPostprocessing = 0;
		};
		2984474027B3609F008C5EA6 /* Sources */ = {
			isa = PBXSourcesBuildPhase;
			buildActionMask = 2147483647;
			files = (
				2984474927B3609F008C5EA6 /* flix_unit1Tests.swift in Sources */,
			);
			runOnlyForDeploymentPostprocessing = 0;
		};
		2984474B27B3609F008C5EA6 /* Sources */ = {
			isa = PBXSourcesBuildPhase;
			buildActionMask = 2147483647;
			files = (
				2984475427B3609F008C5EA6 /* flix_unit1UITests.swift in Sources */,
			);
			runOnlyForDeploymentPostprocessing = 0;
		};
/* End PBXSourcesBuildPhase section */

/* Begin PBXTargetDependency section */
		2984474627B3609F008C5EA6 /* PBXTargetDependency */ = {
			isa = PBXTargetDependency;
			target = 2984472D27B3609E008C5EA6 /* flix_unit1 */;
			targetProxy = 2984474527B3609F008C5EA6 /* PBXContainerItemProxy */;
		};
		2984475127B3609F008C5EA6 /* PBXTargetDependency */ = {
			isa = PBXTargetDependency;
			target = 2984472D27B3609E008C5EA6 /* flix_unit1 */;
			targetProxy = 2984475027B3609F008C5EA6 /* PBXContainerItemProxy */;
		};
/* End PBXTargetDependency section */

/* Begin PBXVariantGroup section */
		2984473727B3609E008C5EA6 /* Main.storyboard */ = {
			isa = PBXVariantGroup;
			children = (
				2984473827B3609E008C5EA6 /* Base */,
			);
			name = Main.storyboard;
			sourceTree = "<group>";
		};
		2984473C27B3609F008C5EA6 /* LaunchScreen.storyboard */ = {
			isa = PBXVariantGroup;
			children = (
				2984473D27B3609F008C5EA6 /* Base */,
			);
			name = LaunchScreen.storyboard;
			sourceTree = "<group>";
		};
/* End PBXVariantGroup section */

/* Begin XCBuildConfiguration section */
		2984475627B3609F008C5EA6 /* Debug */ = {
			isa = XCBuildConfiguration;
			buildSettings = {
				ALWAYS_SEARCH_USER_PATHS = NO;
				CLANG_ANALYZER_NONNULL = YES;
				CLANG_ANALYZER_NUMBER_OBJECT_CONVERSION = YES_AGGRESSIVE;
				CLANG_CXX_LANGUAGE_STANDARD = "gnu++14";
				CLANG_CXX_LIBRARY = "libc++";
				CLANG_ENABLE_MODULES = YES;
				CLANG_ENABLE_OBJC_ARC = YES;
				CLANG_ENABLE_OBJC_WEAK = YES;
				CLANG_WARN_BLOCK_CAPTURE_AUTORELEASING = YES;
				CLANG_WARN_BOOL_CONVERSION = YES;
				CLANG_WARN_COMMA = YES;
				CLANG_WARN_CONSTANT_CONVERSION = YES;
				CLANG_WARN_DEPRECATED_OBJC_IMPLEMENTATIONS = YES;
				CLANG_WARN_DIRECT_OBJC_ISA_USAGE = YES_ERROR;
				CLANG_WARN_DOCUMENTATION_COMMENTS = YES;
				CLANG_WARN_EMPTY_BODY = YES;
				CLANG_WARN_ENUM_CONVERSION = YES;
				CLANG_WARN_INFINITE_RECURSION = YES;
				CLANG_WARN_INT_CONVERSION = YES;
				CLANG_WARN_NON_LITERAL_NULL_CONVERSION = YES;
				CLANG_WARN_OBJC_IMPLICIT_RETAIN_SELF = YES;
				CLANG_WARN_OBJC_LITERAL_CONVERSION = YES;
				CLANG_WARN_OBJC_ROOT_CLASS = YES_ERROR;
				CLANG_WARN_QUOTED_INCLUDE_IN_FRAMEWORK_HEADER = YES;
				CLANG_WARN_RANGE_LOOP_ANALYSIS = YES;
				CLANG_WARN_STRICT_PROTOTYPES = YES;
				CLANG_WARN_SUSPICIOUS_MOVE = YES;
				CLANG_WARN_UNGUARDED_AVAILABILITY = YES_AGGRESSIVE;
				CLANG_WARN_UNREACHABLE_CODE = YES;
				CLANG_WARN__DUPLICATE_METHOD_MATCH = YES;
				COPY_PHASE_STRIP = NO;
				DEBUG_INFORMATION_FORMAT = dwarf;
				ENABLE_STRICT_OBJC_MSGSEND = YES;
				ENABLE_TESTABILITY = YES;
				GCC_C_LANGUAGE_STANDARD = gnu11;
				GCC_DYNAMIC_NO_PIC = NO;
				GCC_NO_COMMON_BLOCKS = YES;
				GCC_OPTIMIZATION_LEVEL = 0;
				GCC_PREPROCESSOR_DEFINITIONS = (
					"DEBUG=1",
					"$(inherited)",
				);
				GCC_WARN_64_TO_32_BIT_CONVERSION = YES;
				GCC_WARN_ABOUT_RETURN_TYPE = YES_ERROR;
				GCC_WARN_UNDECLARED_SELECTOR = YES;
				GCC_WARN_UNINITIALIZED_AUTOS = YES_AGGRESSIVE;
				GCC_WARN_UNUSED_FUNCTION = YES;
				GCC_WARN_UNUSED_VARIABLE = YES;
				IPHONEOS_DEPLOYMENT_TARGET = 14.4;
				MTL_ENABLE_DEBUG_INFO = INCLUDE_SOURCE;
				MTL_FAST_MATH = YES;
				ONLY_ACTIVE_ARCH = YES;
				SDKROOT = iphoneos;
				SWIFT_ACTIVE_COMPILATION_CONDITIONS = DEBUG;
				SWIFT_OPTIMIZATION_LEVEL = "-Onone";
			};
			name = Debug;
		};
		2984475727B3609F008C5EA6 /* Release */ = {
			isa = XCBuildConfiguration;
			buildSettings = {
				ALWAYS_SEARCH_USER_PATHS = NO;
				CLANG_ANALYZER_NONNULL = YES;
				CLANG_ANALYZER_NUMBER_OBJECT_CONVERSION = YES_AGGRESSIVE;
				CLANG_CXX_LANGUAGE_STANDARD = "gnu++14";
				CLANG_CXX_LIBRARY = "libc++";
				CLANG_ENABLE_MODULES = YES;
				CLANG_ENABLE_OBJC_ARC = YES;
				CLANG_ENABLE_OBJC_WEAK = YES;
				CLANG_WARN_BLOCK_CAPTURE_AUTORELEASING = YES;
				CLANG_WARN_BOOL_CONVERSION = YES;
				CLANG_WARN_COMMA = YES;
				CLANG_WARN_CONSTANT_CONVERSION = YES;
				CLANG_WARN_DEPRECATED_OBJC_IMPLEMENTATIONS = YES;
				CLANG_WARN_DIRECT_OBJC_ISA_USAGE = YES_ERROR;
				CLANG_WARN_DOCUMENTATION_COMMENTS = YES;
				CLANG_WARN_EMPTY_BODY = YES;
				CLANG_WARN_ENUM_CONVERSION = YES;
				CLANG_WARN_INFINITE_RECURSION = YES;
				CLANG_WARN_INT_CONVERSION = YES;
				CLANG_WARN_NON_LITERAL_NULL_CONVERSION = YES;
				CLANG_WARN_OBJC_IMPLICIT_RETAIN_SELF = YES;
				CLANG_WARN_OBJC_LITERAL_CONVERSION = YES;
				CLANG_WARN_OBJC_ROOT_CLASS = YES_ERROR;
				CLANG_WARN_QUOTED_INCLUDE_IN_FRAMEWORK_HEADER = YES;
				CLANG_WARN_RANGE_LOOP_ANALYSIS = YES;
				CLANG_WARN_STRICT_PROTOTYPES = YES;
				CLANG_WARN_SUSPICIOUS_MOVE = YES;
				CLANG_WARN_UNGUARDED_AVAILABILITY = YES_AGGRESSIVE;
				CLANG_WARN_UNREACHABLE_CODE = YES;
				CLANG_WARN__DUPLICATE_METHOD_MATCH = YES;
				COPY_PHASE_STRIP = NO;
				DEBUG_INFORMATION_FORMAT = "dwarf-with-dsym";
				ENABLE_NS_ASSERTIONS = NO;
				ENABLE_STRICT_OBJC_MSGSEND = YES;
				GCC_C_LANGUAGE_STANDARD = gnu11;
				GCC_NO_COMMON_BLOCKS = YES;
				GCC_WARN_64_TO_32_BIT_CONVERSION = YES;
				GCC_WARN_ABOUT_RETURN_TYPE = YES_ERROR;
				GCC_WARN_UNDECLARED_SELECTOR = YES;
				GCC_WARN_UNINITIALIZED_AUTOS = YES_AGGRESSIVE;
				GCC_WARN_UNUSED_FUNCTION = YES;
				GCC_WARN_UNUSED_VARIABLE = YES;
				IPHONEOS_DEPLOYMENT_TARGET = 14.4;
				MTL_ENABLE_DEBUG_INFO = NO;
				MTL_FAST_MATH = YES;
				SDKROOT = iphoneos;
				SWIFT_COMPILATION_MODE = wholemodule;
				SWIFT_OPTIMIZATION_LEVEL = "-O";
				VALIDATE_PRODUCT = YES;
			};
			name = Release;
		};
		2984475927B3609F008C5EA6 /* Debug */ = {
			isa = XCBuildConfiguration;
			buildSettings = {
				ASSETCATALOG_COMPILER_APPICON_NAME = AppIcon;
				ASSETCATALOG_COMPILER_GLOBAL_ACCENT_COLOR_NAME = AccentColor;
				CODE_SIGN_STYLE = Automatic;
				INFOPLIST_FILE = flix_unit1/Info.plist;
				LD_RUNPATH_SEARCH_PATHS = (
					"$(inherited)",
					"@executable_path/Frameworks",
				);
				PRODUCT_BUNDLE_IDENTIFIER = "ashley-garciaArellano.flix-unit1";
				PRODUCT_NAME = "$(TARGET_NAME)";
				SWIFT_VERSION = 5.0;
				TARGETED_DEVICE_FAMILY = "1,2";
			};
			name = Debug;
		};
		2984475A27B3609F008C5EA6 /* Release */ = {
			isa = XCBuildConfiguration;
			buildSettings = {
				ASSETCATALOG_COMPILER_APPICON_NAME = AppIcon;
				ASSETCATALOG_COMPILER_GLOBAL_ACCENT_COLOR_NAME = AccentColor;
				CODE_SIGN_STYLE = Automatic;
				INFOPLIST_FILE = flix_unit1/Info.plist;
				LD_RUNPATH_SEARCH_PATHS = (
					"$(inherited)",
					"@executable_path/Frameworks",
				);
				PRODUCT_BUNDLE_IDENTIFIER = "ashley-garciaArellano.flix-unit1";
				PRODUCT_NAME = "$(TARGET_NAME)";
				SWIFT_VERSION = 5.0;
				TARGETED_DEVICE_FAMILY = "1,2";
			};
			name = Release;
		};
		2984475C27B3609F008C5EA6 /* Debug */ = {
			isa = XCBuildConfiguration;
			buildSettings = {
				ALWAYS_EMBED_SWIFT_STANDARD_LIBRARIES = YES;
				BUNDLE_LOADER = "$(TEST_HOST)";
				CODE_SIGN_STYLE = Automatic;
				INFOPLIST_FILE = flix_unit1Tests/Info.plist;
				IPHONEOS_DEPLOYMENT_TARGET = 14.4;
				LD_RUNPATH_SEARCH_PATHS = (
					"$(inherited)",
					"@executable_path/Frameworks",
					"@loader_path/Frameworks",
				);
				PRODUCT_BUNDLE_IDENTIFIER = "ashley-garciaArellano.flix-unit1Tests";
				PRODUCT_NAME = "$(TARGET_NAME)";
				SWIFT_VERSION = 5.0;
				TARGETED_DEVICE_FAMILY = "1,2";
				TEST_HOST = "$(BUILT_PRODUCTS_DIR)/flix_unit1.app/flix_unit1";
			};
			name = Debug;
		};
		2984475D27B3609F008C5EA6 /* Release */ = {
			isa = XCBuildConfiguration;
			buildSettings = {
				ALWAYS_EMBED_SWIFT_STANDARD_LIBRARIES = YES;
				BUNDLE_LOADER = "$(TEST_HOST)";
				CODE_SIGN_STYLE = Automatic;
				INFOPLIST_FILE = flix_unit1Tests/Info.plist;
				IPHONEOS_DEPLOYMENT_TARGET = 14.4;
				LD_RUNPATH_SEARCH_PATHS = (
					"$(inherited)",
					"@executable_path/Frameworks",
					"@loader_path/Frameworks",
				);
				PRODUCT_BUNDLE_IDENTIFIER = "ashley-garciaArellano.flix-unit1Tests";
				PRODUCT_NAME = "$(TARGET_NAME)";
				SWIFT_VERSION = 5.0;
				TARGETED_DEVICE_FAMILY = "1,2";
				TEST_HOST = "$(BUILT_PRODUCTS_DIR)/flix_unit1.app/flix_unit1";
			};
			name = Release;
		};
		2984475F27B3609F008C5EA6 /* Debug */ = {
			isa = XCBuildConfiguration;
			buildSettings = {
				ALWAYS_EMBED_SWIFT_STANDARD_LIBRARIES = YES;
				CODE_SIGN_STYLE = Automatic;
				INFOPLIST_FILE = flix_unit1UITests/Info.plist;
				LD_RUNPATH_SEARCH_PATHS = (
					"$(inherited)",
					"@executable_path/Frameworks",
					"@loader_path/Frameworks",
				);
				PRODUCT_BUNDLE_IDENTIFIER = "ashley-garciaArellano.flix-unit1UITests";
				PRODUCT_NAME = "$(TARGET_NAME)";
				SWIFT_VERSION = 5.0;
				TARGETED_DEVICE_FAMILY = "1,2";
				TEST_TARGET_NAME = flix_unit1;
			};
			name = Debug;
		};
		2984476027B3609F008C5EA6 /* Release */ = {
			isa = XCBuildConfiguration;
			buildSettings = {
				ALWAYS_EMBED_SWIFT_STANDARD_LIBRARIES = YES;
				CODE_SIGN_STYLE = Automatic;
				INFOPLIST_FILE = flix_unit1UITests/Info.plist;
				LD_RUNPATH_SEARCH_PATHS = (
					"$(inherited)",
					"@executable_path/Frameworks",
					"@loader_path/Frameworks",
				);
				PRODUCT_BUNDLE_IDENTIFIER = "ashley-garciaArellano.flix-unit1UITests";
				PRODUCT_NAME = "$(TARGET_NAME)";
				SWIFT_VERSION = 5.0;
				TARGETED_DEVICE_FAMILY = "1,2";
				TEST_TARGET_NAME = flix_unit1;
			};
			name = Release;
		};
/* End XCBuildConfiguration section */

/* Begin XCConfigurationList section */
		2984472927B3609E008C5EA6 /* Build configuration list for PBXProject "flix_unit1" */ = {
			isa = XCConfigurationList;
			buildConfigurations = (
				2984475627B3609F008C5EA6 /* Debug */,
				2984475727B3609F008C5EA6 /* Release */,
			);
			defaultConfigurationIsVisible = 0;
			defaultConfigurationName = Release;
		};
		2984475827B3609F008C5EA6 /* Build configuration list for PBXNativeTarget "flix_unit1" */ = {
			isa = XCConfigurationList;
			buildConfigurations = (
				2984475927B3609F008C5EA6 /* Debug */,
				2984475A27B3609F008C5EA6 /* Release */,
			);
			defaultConfigurationIsVisible = 0;
			defaultConfigurationName = Release;
		};
		2984475B27B3609F008C5EA6 /* Build configuration list for PBXNativeTarget "flix_unit1Tests" */ = {
			isa = XCConfigurationList;
			buildConfigurations = (
				2984475C27B3609F008C5EA6 /* Debug */,
				2984475D27B3609F008C5EA6 /* Release */,
			);
			defaultConfigurationIsVisible = 0;
			defaultConfigurationName = Release;
		};
		2984475E27B3609F008C5EA6 /* Build configuration list for PBXNativeTarget "flix_unit1UITests" */ = {
			isa = XCConfigurationList;
			buildConfigurations = (
				2984475F27B3609F008C5EA6 /* Debug */,
				2984476027B3609F008C5EA6 /* Release */,
			);
			defaultConfigurationIsVisible = 0;
			defaultConfigurationName = Release;
		};
/* End XCConfigurationList section */

/* Begin XCRemoteSwiftPackageReference section */
		2984476E27B37F24008C5EA6 /* XCRemoteSwiftPackageReference "AlamofireImage" */ = {
			isa = XCRemoteSwiftPackageReference;
			repositoryURL = "https://github.com/Alamofire/AlamofireImage";
			requirement = {
				kind = upToNextMajorVersion;
				minimumVersion = 4.2.0;
			};
		};
/* End XCRemoteSwiftPackageReference section */

/* Begin XCSwiftPackageProductDependency section */
		2984476F27B37F24008C5EA6 /* AlamofireImage */ = {
			isa = XCSwiftPackageProductDependency;
			package = 2984476E27B37F24008C5EA6 /* XCRemoteSwiftPackageReference "AlamofireImage" */;
			productName = AlamofireImage;
		};
/* End XCSwiftPackageProductDependency section */
	};
	rootObject = 2984472627B3609E008C5EA6 /* Project object */;
}
